
Microsoft Visual Studio Solution File, Format Version 12.00
# Visual Studio Version 16
VisualStudioVersion = 16.0.30717.126
MinimumVisualStudioVersion = 10.0.40219.1
Project("{8BC9CEB8-8B4A-11D0-8D11-00A0C91BC942}") = "z4w_amxx", "z4w-amxx.vcxproj", "{B1A1E830-9E6A-4840-8D1C-7B1515B76998}"
EndProject
Global
	GlobalSection(SolutionConfigurationPlatforms) = preSolution
		Debug|x86 = Debug|x86
		Release|x86 = Release|x86
	EndGlobalSection
	GlobalSection(ProjectConfigurationPlatforms) = postSolution
		{B1A1E830-9E6A-4840-8D1C-7B1515B76998}.Debug|x86.ActiveCfg = Debug|Win32
		{B1A1E830-9E6A-4840-8D1C-7B1515B76998}.Debug|x86.Build.0 = Debug|Win32
		{B1A1E830-9E6A-4840-8D1C-7B1515B76998}.Release|x86.ActiveCfg = Release|Win32
		{B1A1E830-9E6A-4840-8D1C-7B1515B76998}.Release|x86.Build.0 = Release|Win32
	EndGlobalSection
	GlobalSection(SolutionProperties) = preSolution
		HideSolutionNode = FALSE
	EndGlobalSection
	GlobalSection(ExtensibilityGlobals) = postSolution
		SolutionGuid = {CACA33A2-4879-414F-BD89-3DDA92A75C0C}
	EndGlobalSection
EndGlobal
